
Microsoft Visual Studio Solution File, Format Version 12.00
# Visual Studio 2013
VisualStudioVersion = 12.0.21005.1
MinimumVisualStudioVersion = 10.0.40219.1
Project("{FAE04EC0-301F-11D3-BF4B-00C04F79EFBC}") = "CvManager", "CvManager\CvManager.csproj", "{4E3BDEA8-8EF5-4528-A4AD-34F963C0FD5E}"
EndProject
Project("{FAE04EC0-301F-11D3-BF4B-00C04F79EFBC}") = "CvManager.Tests", "CvManager.Tests\CvManager.Tests.csproj", "{C476BF5F-E625-46B3-9678-B3F2BCE8E98B}"
EndProject
Global
	GlobalSection(SolutionConfigurationPlatforms) = preSolution
		Debug|Any CPU = Debug|Any CPU
		Release|Any CPU = Release|Any CPU
	EndGlobalSection
	GlobalSection(ProjectConfigurationPlatforms) = postSolution
		{4E3BDEA8-8EF5-4528-A4AD-34F963C0FD5E}.Debug|Any CPU.ActiveCfg = Debug|Any CPU
		{4E3BDEA8-8EF5-4528-A4AD-34F963C0FD5E}.Debug|Any CPU.Build.0 = Debug|Any CPU
		{4E3BDEA8-8EF5-4528-A4AD-34F963C0FD5E}.Release|Any CPU.ActiveCfg = Release|Any CPU
		{4E3BDEA8-8EF5-4528-A4AD-34F963C0FD5E}.Release|Any CPU.Build.0 = Release|Any CPU
		{C476BF5F-E625-46B3-9678-B3F2BCE8E98B}.Debug|Any CPU.ActiveCfg = Debug|Any CPU
		{C476BF5F-E625-46B3-9678-B3F2BCE8E98B}.Debug|Any CPU.Build.0 = Debug|Any CPU
		{C476BF5F-E625-46B3-9678-B3F2BCE8E98B}.Release|Any CPU.ActiveCfg = Release|Any CPU
		{C476BF5F-E625-46B3-9678-B3F2BCE8E98B}.Release|Any CPU.Build.0 = Release|Any CPU
	EndGlobalSection
	GlobalSection(SolutionProperties) = preSolution
		HideSolutionNode = FALSE
	EndGlobalSection
EndGlobal
